
Microsoft Visual Studio Solution File, Format Version 10.00
# Visual Studio 2008
Project("{FAE04EC0-301F-11D3-BF4B-00C04F79EFBC}") = "NShape (VS 2008)", "Core\NShape (VS 2008).csproj", "{8A2E39FE-E3D7-474E-8662-6EEAB8A8101C}"
EndProject
Project("{FAE04EC0-301F-11D3-BF4B-00C04F79EFBC}") = "WinFormsUI (VS 2008)", "WinFormsUI\WinFormsUI (VS 2008).csproj", "{25A96297-808B-430F-9610-02C489167249}"
EndProject
Project("{FAE04EC0-301F-11D3-BF4B-00C04F79EFBC}") = "SoftwareArchitectureShapes (VS 2008)", "SoftwareArchitectureShapes\SoftwareArchitectureShapes (VS 2008).csproj", "{E82D0BC5-0F7B-4385-B0A0-9CA29D6283AC}"
EndProject
Project("{FAE04EC0-301F-11D3-BF4B-00C04F79EFBC}") = "NShapeTest (VS 2008)", "DiagrammingTest\NShapeTest (VS 2008).csproj", "{C6B06ED8-F703-487B-BBEC-41196BC0E301}"
EndProject
Project("{FAE04EC0-301F-11D3-BF4B-00C04F79EFBC}") = "GeneralShapes (VS 2008)", "GeneralShapes\GeneralShapes (VS 2008).csproj", "{011AA770-3B1E-46FA-9C13-FAF20CA6CE9A}"
EndProject
Project("{FAE04EC0-301F-11D3-BF4B-00C04F79EFBC}") = "GeneralModelObjects (VS 2008)", "GeneralModelObjects\GeneralModelObjects (VS 2008).csproj", "{B82D8209-6D76-42F7-A1D5-CE476CE27EE7}"
EndProject
Project("{FAE04EC0-301F-11D3-BF4B-00C04F79EFBC}") = "FlowChartShapes (VS 2008)", "FlowChartShapes\FlowChartShapes (VS 2008).csproj", "{87E929C8-1E90-44DC-8DE1-4F1BE5F0B7F3}"
EndProject
Project("{FAE04EC0-301F-11D3-BF4B-00C04F79EFBC}") = "ElectricalShapes (VS 2008)", "ElectricalShapes\ElectricalShapes (VS 2008).csproj", "{A60B3D84-E716-44AE-ACD8-6D7D7ED0129E}"
EndProject
Project("{FAE04EC0-301F-11D3-BF4B-00C04F79EFBC}") = "ElectricalModelObjects (VS 2008)", "ElectricalModelObjects\ElectricalModelObjects (VS 2008).csproj", "{75E930BF-FE62-4440-98E6-01C42588947C}"
EndProject
Project("{FAE04EC0-301F-11D3-BF4B-00C04F79EFBC}") = "Designer (VS 2008)", "Designer\Designer (VS 2008).csproj", "{73CE0213-D7DC-4FFC-8324-EFEAE089B14D}"
EndProject
Global
	GlobalSection(SubversionScc) = preSolution
		Svn-Managed = True
		Manager = AnkhSVN - Subversion Support for Visual Studio
	EndGlobalSection
	GlobalSection(SolutionConfigurationPlatforms) = preSolution
		Debug|Any CPU = Debug|Any CPU
		Debug|x86 = Debug|x86
		Release|Any CPU = Release|Any CPU
		Release|x86 = Release|x86
	EndGlobalSection
	GlobalSection(ProjectConfigurationPlatforms) = postSolution
		{8A2E39FE-E3D7-474E-8662-6EEAB8A8101C}.Debug|Any CPU.ActiveCfg = Debug|Any CPU
		{8A2E39FE-E3D7-474E-8662-6EEAB8A8101C}.Debug|Any CPU.Build.0 = Debug|Any CPU
		{8A2E39FE-E3D7-474E-8662-6EEAB8A8101C}.Debug|x86.ActiveCfg = Debug|x86
		{8A2E39FE-E3D7-474E-8662-6EEAB8A8101C}.Debug|x86.Build.0 = Debug|x86
		{8A2E39FE-E3D7-474E-8662-6EEAB8A8101C}.Release|Any CPU.ActiveCfg = Release|Any CPU
		{8A2E39FE-E3D7-474E-8662-6EEAB8A8101C}.Release|Any CPU.Build.0 = Release|Any CPU
		{8A2E39FE-E3D7-474E-8662-6EEAB8A8101C}.Release|x86.ActiveCfg = Release|x86
		{8A2E39FE-E3D7-474E-8662-6EEAB8A8101C}.Release|x86.Build.0 = Release|x86
		{25A96297-808B-430F-9610-02C489167249}.Debug|Any CPU.ActiveCfg = Debug|Any CPU
		{25A96297-808B-430F-9610-02C489167249}.Debug|Any CPU.Build.0 = Debug|Any CPU
		{25A96297-808B-430F-9610-02C489167249}.Debug|x86.ActiveCfg = Debug|x86
		{25A96297-808B-430F-9610-02C489167249}.Debug|x86.Build.0 = Debug|x86
		{25A96297-808B-430F-9610-02C489167249}.Release|Any CPU.ActiveCfg = Release|Any CPU
		{25A96297-808B-430F-9610-02C489167249}.Release|Any CPU.Build.0 = Release|Any CPU
		{25A96297-808B-430F-9610-02C489167249}.Release|x86.ActiveCfg = Release|x86
		{25A96297-808B-430F-9610-02C489167249}.Release|x86.Build.0 = Release|x86
		{E82D0BC5-0F7B-4385-B0A0-9CA29D6283AC}.Debug|Any CPU.ActiveCfg = Debug|Any CPU
		{E82D0BC5-0F7B-4385-B0A0-9CA29D6283AC}.Debug|Any CPU.Build.0 = Debug|Any CPU
		{E82D0BC5-0F7B-4385-B0A0-9CA29D6283AC}.Debug|x86.ActiveCfg = Debug|x86
		{E82D0BC5-0F7B-4385-B0A0-9CA29D6283AC}.Debug|x86.Build.0 = Debug|x86
		{E82D0BC5-0F7B-4385-B0A0-9CA29D6283AC}.Release|Any CPU.ActiveCfg = Release|Any CPU
		{E82D0BC5-0F7B-4385-B0A0-9CA29D6283AC}.Release|Any CPU.Build.0 = Release|Any CPU
		{E82D0BC5-0F7B-4385-B0A0-9CA29D6283AC}.Release|x86.ActiveCfg = Release|x86
		{E82D0BC5-0F7B-4385-B0A0-9CA29D6283AC}.Release|x86.Build.0 = Release|x86
		{C6B06ED8-F703-487B-BBEC-41196BC0E301}.Debug|Any CPU.ActiveCfg = Debug|Any CPU
		{C6B06ED8-F703-487B-BBEC-41196BC0E301}.Debug|Any CPU.Build.0 = Debug|Any CPU
		{C6B06ED8-F703-487B-BBEC-41196BC0E301}.Debug|x86.ActiveCfg = Debug|x86
		{C6B06ED8-F703-487B-BBEC-41196BC0E301}.Debug|x86.Build.0 = Debug|x86
		{C6B06ED8-F703-487B-BBEC-41196BC0E301}.Release|Any CPU.ActiveCfg = Release|Any CPU
		{C6B06ED8-F703-487B-BBEC-41196BC0E301}.Release|Any CPU.Build.0 = Release|Any CPU
		{C6B06ED8-F703-487B-BBEC-41196BC0E301}.Release|x86.ActiveCfg = Release|x86
		{C6B06ED8-F703-487B-BBEC-41196BC0E301}.Release|x86.Build.0 = Release|x86
		{011AA770-3B1E-46FA-9C13-FAF20CA6CE9A}.Debug|Any CPU.ActiveCfg = Debug|Any CPU
		{011AA770-3B1E-46FA-9C13-FAF20CA6CE9A}.Debug|Any CPU.Build.0 = Debug|Any CPU
		{011AA770-3B1E-46FA-9C13-FAF20CA6CE9A}.Debug|x86.ActiveCfg = Debug|x86
		{011AA770-3B1E-46FA-9C13-FAF20CA6CE9A}.Debug|x86.Build.0 = Debug|x86
		{011AA770-3B1E-46FA-9C13-FAF20CA6CE9A}.Release|Any CPU.ActiveCfg = Release|Any CPU
		{011AA770-3B1E-46FA-9C13-FAF20CA6CE9A}.Release|Any CPU.Build.0 = Release|Any CPU
		{011AA770-3B1E-46FA-9C13-FAF20CA6CE9A}.Release|x86.ActiveCfg = Release|x86
		{011AA770-3B1E-46FA-9C13-FAF20CA6CE9A}.Release|x86.Build.0 = Release|x86
		{B82D8209-6D76-42F7-A1D5-CE476CE27EE7}.Debug|Any CPU.ActiveCfg = Debug|Any CPU
		{B82D8209-6D76-42F7-A1D5-CE476CE27EE7}.Debug|Any CPU.Build.0 = Debug|Any CPU
		{B82D8209-6D76-42F7-A1D5-CE476CE27EE7}.Debug|x86.ActiveCfg = Debug|x86
		{B82D8209-6D76-42F7-A1D5-CE476CE27EE7}.Debug|x86.Build.0 = Debug|x86
		{B82D8209-6D76-42F7-A1D5-CE476CE27EE7}.Release|Any CPU.ActiveCfg = Release|Any CPU
		{B82D8209-6D76-42F7-A1D5-CE476CE27EE7}.Release|Any CPU.Build.0 = Release|Any CPU
		{B82D8209-6D76-42F7-A1D5-CE476CE27EE7}.Release|x86.ActiveCfg = Release|x86
		{B82D8209-6D76-42F7-A1D5-CE476CE27EE7}.Release|x86.Build.0 = Release|x86
		{87E929C8-1E90-44DC-8DE1-4F1BE5F0B7F3}.Debug|Any CPU.ActiveCfg = Debug|Any CPU
		{87E929C8-1E90-44DC-8DE1-4F1BE5F0B7F3}.Debug|Any CPU.Build.0 = Debug|Any CPU
		{87E929C8-1E90-44DC-8DE1-4F1BE5F0B7F3}.Debug|x86.ActiveCfg = Debug|x86
		{87E929C8-1E90-44DC-8DE1-4F1BE5F0B7F3}.Debug|x86.Build.0 = Debug|x86
		{87E929C8-1E90-44DC-8DE1-4F1BE5F0B7F3}.Release|Any CPU.ActiveCfg = Release|Any CPU
		{87E929C8-1E90-44DC-8DE1-4F1BE5F0B7F3}.Release|Any CPU.Build.0 = Release|Any CPU
		{87E929C8-1E90-44DC-8DE1-4F1BE5F0B7F3}.Release|x86.ActiveCfg = Release|x86
		{87E929C8-1E90-44DC-8DE1-4F1BE5F0B7F3}.Release|x86.Build.0 = Release|x86
		{A60B3D84-E716-44AE-ACD8-6D7D7ED0129E}.Debug|Any CPU.ActiveCfg = Debug|Any CPU
		{A60B3D84-E716-44AE-ACD8-6D7D7ED0129E}.Debug|Any CPU.Build.0 = Debug|Any CPU
		{A60B3D84-E716-44AE-ACD8-6D7D7ED0129E}.Debug|x86.ActiveCfg = Debug|x86
		{A60B3D84-E716-44AE-ACD8-6D7D7ED0129E}.Debug|x86.Build.0 = Debug|x86
		{A60B3D84-E716-44AE-ACD8-6D7D7ED0129E}.Release|Any CPU.ActiveCfg = Release|Any CPU
		{A60B3D84-E716-44AE-ACD8-6D7D7ED0129E}.Release|Any CPU.Build.0 = Release|Any CPU
		{A60B3D84-E716-44AE-ACD8-6D7D7ED0129E}.Release|x86.ActiveCfg = Release|x86
		{A60B3D84-E716-44AE-ACD8-6D7D7ED0129E}.Release|x86.Build.0 = Release|x86
		{75E930BF-FE62-4440-98E6-01C42588947C}.Debug|Any CPU.ActiveCfg = Debug|Any CPU
		{75E930BF-FE62-4440-98E6-01C42588947C}.Debug|Any CPU.Build.0 = Debug|Any CPU
		{75E930BF-FE62-4440-98E6-01C42588947C}.Debug|x86.ActiveCfg = Debug|x86
		{75E930BF-FE62-4440-98E6-01C42588947C}.Debug|x86.Build.0 = Debug|x86
		{75E930BF-FE62-4440-98E6-01C42588947C}.Release|Any CPU.ActiveCfg = Release|Any CPU
		{75E930BF-FE62-4440-98E6-01C42588947C}.Release|Any CPU.Build.0 = Release|Any CPU
		{75E930BF-FE62-4440-98E6-01C42588947C}.Release|x86.ActiveCfg = Release|x86
		{75E930BF-FE62-4440-98E6-01C42588947C}.Release|x86.Build.0 = Release|x86
		{73CE0213-D7DC-4FFC-8324-EFEAE089B14D}.Debug|Any CPU.ActiveCfg = Debug|Any CPU
		{73CE0213-D7DC-4FFC-8324-EFEAE089B14D}.Debug|Any CPU.Build.0 = Debug|Any CPU
		{73CE0213-D7DC-4FFC-8324-EFEAE089B14D}.Debug|x86.ActiveCfg = Debug|x86
		{73CE0213-D7DC-4FFC-8324-EFEAE089B14D}.Debug|x86.Build.0 = Debug|x86
		{73CE0213-D7DC-4FFC-8324-EFEAE089B14D}.Release|Any CPU.ActiveCfg = Release|Any CPU
		{73CE0213-D7DC-4FFC-8324-EFEAE089B14D}.Release|Any CPU.Build.0 = Release|Any CPU
		{73CE0213-D7DC-4FFC-8324-EFEAE089B14D}.Release|x86.ActiveCfg = Release|x86
		{73CE0213-D7DC-4FFC-8324-EFEAE089B14D}.Release|x86.Build.0 = Release|x86
	EndGlobalSection
	GlobalSection(SolutionProperties) = preSolution
		HideSolutionNode = FALSE
	EndGlobalSection
EndGlobal
